lockfileVersion: '9.0'

settings:
  autoInstallPeers: true
  excludeLinksFromLockfile: false

importers:

  .:
    dependencies:
      easy-json-database:
        specifier: ^1.5.1
        version: 1.5.1
      readline-sync:
        specifier: ^1.4.10
        version: 1.4.10

packages:

  easy-json-database@1.5.1:
    resolution: {integrity: sha512-6w+DUmOPT6l+jhq8pxyjlDYtYpl8Ni80sNcESiu4TjzL8YB75s65dBk1j+XP4RbRRZn3z0U4/seWoDRQC+GRLA==}

  readline-sync@1.4.10:
    resolution: {integrity: sha512-gNva8/6UAe8QYepIQH/jQ2qn91Qj0B9sYjMBBs3QOB8F2CXcKgLxQaJRP76sWVRQt+QU+8fAkCbCvjjMFu7Ycw==}
    engines: {node: '>= 0.8.0'}

snapshots:

  easy-json-database@1.5.1: {}

  readline-sync@1.4.10: {}
